
Microsoft Visual Studio Solution File, Format Version 12.00
# Visual Studio 15
VisualStudioVersion = 15.0.26430.12
MinimumVisualStudioVersion = 10.0.40219.1
Project("{FAE04EC0-301F-11D3-BF4B-00C04F79EFBC}") = "UserManagementService", "UserManagementService\UserManagementService.csproj", "{D2AE068B-361C-45D9-9DBB-25612D209B0F}"
EndProject
Project("{FAE04EC0-301F-11D3-BF4B-00C04F79EFBC}") = "UserManagementDB", "UserManagementDB\UserManagementDB.csproj", "{D74244B6-5BFA-440A-9493-9C82A34CA303}"
EndProject
Global
	GlobalSection(SolutionConfigurationPlatforms) = preSolution
		Debug|Any CPU = Debug|Any CPU
		Release|Any CPU = Release|Any CPU
	EndGlobalSection
	GlobalSection(ProjectConfigurationPlatforms) = postSolution
		{D2AE068B-361C-45D9-9DBB-25612D209B0F}.Debug|Any CPU.ActiveCfg = Debug|Any CPU
		{D2AE068B-361C-45D9-9DBB-25612D209B0F}.Debug|Any CPU.Build.0 = Debug|Any CPU
		{D2AE068B-361C-45D9-9DBB-25612D209B0F}.Release|Any CPU.ActiveCfg = Release|Any CPU
		{D2AE068B-361C-45D9-9DBB-25612D209B0F}.Release|Any CPU.Build.0 = Release|Any CPU
		{D74244B6-5BFA-440A-9493-9C82A34CA303}.Debug|Any CPU.ActiveCfg = Debug|Any CPU
		{D74244B6-5BFA-440A-9493-9C82A34CA303}.Debug|Any CPU.Build.0 = Debug|Any CPU
		{D74244B6-5BFA-440A-9493-9C82A34CA303}.Release|Any CPU.ActiveCfg = Release|Any CPU
		{D74244B6-5BFA-440A-9493-9C82A34CA303}.Release|Any CPU.Build.0 = Release|Any CPU
	EndGlobalSection
	GlobalSection(SolutionProperties) = preSolution
		HideSolutionNode = FALSE
	EndGlobalSection
EndGlobal
